
Microsoft Visual Studio Solution File, Format Version 12.00
# Visual Studio Version 16
VisualStudioVersion = 16.0.30709.132
MinimumVisualStudioVersion = 10.0.40219.1
Project("{FAE04EC0-301F-11D3-BF4B-00C04F79EFBC}") = "01-1-计算器1", "01-简单工厂模式1\01-1-计算器1.csproj", "{612FE5C9-E2A0-4810-9A62-6F0869D33AD0}"
EndProject
Project("{FAE04EC0-301F-11D3-BF4B-00C04F79EFBC}") = "01-2-计算器2", "01-2-计算器2\01-2-计算器2.csproj", "{72DA34F2-36E5-4C6E-BEC9-30216C431809}"
EndProject
Project("{FAE04EC0-301F-11D3-BF4B-00C04F79EFBC}") = "01-3-计算器3-简单工厂", "01-3-计算器3\01-3-计算器3-简单工厂.csproj", "{2531F891-2109-4BD2-AAE2-66C382A68A54}"
EndProject
Project("{FAE04EC0-301F-11D3-BF4B-00C04F79EFBC}") = "02-1-商场收银软件", "02-1-商场收银软件\02-1-商场收银软件.csproj", "{FC1EECDA-65FB-45CB-924D-63385B2BB202}"
EndProject
Project("{FAE04EC0-301F-11D3-BF4B-00C04F79EFBC}") = "02-2-商场收银软件2", "02-2-商场收银软件2\02-2-商场收银软件2.csproj", "{F97935BD-B097-4993-AB11-C5277AD99669}"
EndProject
Project("{FAE04EC0-301F-11D3-BF4B-00C04F79EFBC}") = "02-3-商场收银（简单工厂）", "02-3-商场收银（简单工厂）\02-3-商场收银（简单工厂）.csproj", "{6FC096AE-08BA-408A-B5AC-6730E18D4D0F}"
EndProject
Project("{FAE04EC0-301F-11D3-BF4B-00C04F79EFBC}") = "02-4-商场收银（策略模式）", "02-4-商场收银（策略模式）\02-4-商场收银（策略模式）.csproj", "{78468754-70B6-4286-9201-72F1BF1A26E4}"
EndProject
Project("{FAE04EC0-301F-11D3-BF4B-00C04F79EFBC}") = "02-5-商场收银（策略+工厂）", "02-5-商场收银（策略+工厂）\02-5-商场收银（策略+工厂）.csproj", "{079FA127-87EA-4EEC-81CD-73A9C8B111C2}"
EndProject
Project("{FAE04EC0-301F-11D3-BF4B-00C04F79EFBC}") = "03-1-小菜扮靓1", "03-1-小菜扮靓1\03-1-小菜扮靓1.csproj", "{0D15B129-76FA-4F9A-9C26-321257097B84}"
EndProject
Project("{FAE04EC0-301F-11D3-BF4B-00C04F79EFBC}") = "03-2-小菜扮靓2", "03-2-小菜扮靓2\03-2-小菜扮靓2.csproj", "{F361DFD2-4316-40AF-B85A-C5641D8753E3}"
EndProject
Project("{FAE04EC0-301F-11D3-BF4B-00C04F79EFBC}") = "03-3-装饰模式", "03-3-装饰模式\03-3-装饰模式.csproj", "{3687F580-DF40-4E50-9200-9ED172FF348A}"
EndProject
Project("{FAE04EC0-301F-11D3-BF4B-00C04F79EFBC}") = "03-4-小菜扮靓（装饰模式）", "03-4-小菜扮靓（装饰模式）\03-4-小菜扮靓（装饰模式）.csproj", "{546769B7-E295-4B65-966A-F8CCD9C5E6F1}"
EndProject
Global
	GlobalSection(SolutionConfigurationPlatforms) = preSolution
		Debug|Any CPU = Debug|Any CPU
		Release|Any CPU = Release|Any CPU
	EndGlobalSection
	GlobalSection(ProjectConfigurationPlatforms) = postSolution
		{612FE5C9-E2A0-4810-9A62-6F0869D33AD0}.Debug|Any CPU.ActiveCfg = Debug|Any CPU
		{612FE5C9-E2A0-4810-9A62-6F0869D33AD0}.Debug|Any CPU.Build.0 = Debug|Any CPU
		{612FE5C9-E2A0-4810-9A62-6F0869D33AD0}.Release|Any CPU.ActiveCfg = Release|Any CPU
		{612FE5C9-E2A0-4810-9A62-6F0869D33AD0}.Release|Any CPU.Build.0 = Release|Any CPU
		{72DA34F2-36E5-4C6E-BEC9-30216C431809}.Debug|Any CPU.ActiveCfg = Debug|Any CPU
		{72DA34F2-36E5-4C6E-BEC9-30216C431809}.Debug|Any CPU.Build.0 = Debug|Any CPU
		{72DA34F2-36E5-4C6E-BEC9-30216C431809}.Release|Any CPU.ActiveCfg = Release|Any CPU
		{72DA34F2-36E5-4C6E-BEC9-30216C431809}.Release|Any CPU.Build.0 = Release|Any CPU
		{2531F891-2109-4BD2-AAE2-66C382A68A54}.Debug|Any CPU.ActiveCfg = Debug|Any CPU
		{2531F891-2109-4BD2-AAE2-66C382A68A54}.Debug|Any CPU.Build.0 = Debug|Any CPU
		{2531F891-2109-4BD2-AAE2-66C382A68A54}.Release|Any CPU.ActiveCfg = Release|Any CPU
		{2531F891-2109-4BD2-AAE2-66C382A68A54}.Release|Any CPU.Build.0 = Release|Any CPU
		{FC1EECDA-65FB-45CB-924D-63385B2BB202}.Debug|Any CPU.ActiveCfg = Debug|Any CPU
		{FC1EECDA-65FB-45CB-924D-63385B2BB202}.Debug|Any CPU.Build.0 = Debug|Any CPU
		{FC1EECDA-65FB-45CB-924D-63385B2BB202}.Release|Any CPU.ActiveCfg = Release|Any CPU
		{FC1EECDA-65FB-45CB-924D-63385B2BB202}.Release|Any CPU.Build.0 = Release|Any CPU
		{F97935BD-B097-4993-AB11-C5277AD99669}.Debug|Any CPU.ActiveCfg = Debug|Any CPU
		{F97935BD-B097-4993-AB11-C5277AD99669}.Debug|Any CPU.Build.0 = Debug|Any CPU
		{F97935BD-B097-4993-AB11-C5277AD99669}.Release|Any CPU.ActiveCfg = Release|Any CPU
		{F97935BD-B097-4993-AB11-C5277AD99669}.Release|Any CPU.Build.0 = Release|Any CPU
		{6FC096AE-08BA-408A-B5AC-6730E18D4D0F}.Debug|Any CPU.ActiveCfg = Debug|Any CPU
		{6FC096AE-08BA-408A-B5AC-6730E18D4D0F}.Debug|Any CPU.Build.0 = Debug|Any CPU
		{6FC096AE-08BA-408A-B5AC-6730E18D4D0F}.Release|Any CPU.ActiveCfg = Release|Any CPU
		{6FC096AE-08BA-408A-B5AC-6730E18D4D0F}.Release|Any CPU.Build.0 = Release|Any CPU
		{78468754-70B6-4286-9201-72F1BF1A26E4}.Debug|Any CPU.ActiveCfg = Debug|Any CPU
		{78468754-70B6-4286-9201-72F1BF1A26E4}.Debug|Any CPU.Build.0 = Debug|Any CPU
		{78468754-70B6-4286-9201-72F1BF1A26E4}.Release|Any CPU.ActiveCfg = Release|Any CPU
		{78468754-70B6-4286-9201-72F1BF1A26E4}.Release|Any CPU.Build.0 = Release|Any CPU
		{079FA127-87EA-4EEC-81CD-73A9C8B111C2}.Debug|Any CPU.ActiveCfg = Debug|Any CPU
		{079FA127-87EA-4EEC-81CD-73A9C8B111C2}.Debug|Any CPU.Build.0 = Debug|Any CPU
		{079FA127-87EA-4EEC-81CD-73A9C8B111C2}.Release|Any CPU.ActiveCfg = Release|Any CPU
		{079FA127-87EA-4EEC-81CD-73A9C8B111C2}.Release|Any CPU.Build.0 = Release|Any CPU
		{0D15B129-76FA-4F9A-9C26-321257097B84}.Debug|Any CPU.ActiveCfg = Debug|Any CPU
		{0D15B129-76FA-4F9A-9C26-321257097B84}.Debug|Any CPU.Build.0 = Debug|Any CPU
		{0D15B129-76FA-4F9A-9C26-321257097B84}.Release|Any CPU.ActiveCfg = Release|Any CPU
		{0D15B129-76FA-4F9A-9C26-321257097B84}.Release|Any CPU.Build.0 = Release|Any CPU
		{F361DFD2-4316-40AF-B85A-C5641D8753E3}.Debug|Any CPU.ActiveCfg = Debug|Any CPU
		{F361DFD2-4316-40AF-B85A-C5641D8753E3}.Debug|Any CPU.Build.0 = Debug|Any CPU
		{F361DFD2-4316-40AF-B85A-C5641D8753E3}.Release|Any CPU.ActiveCfg = Release|Any CPU
		{F361DFD2-4316-40AF-B85A-C5641D8753E3}.Release|Any CPU.Build.0 = Release|Any CPU
		{3687F580-DF40-4E50-9200-9ED172FF348A}.Debug|Any CPU.ActiveCfg = Debug|Any CPU
		{3687F580-DF40-4E50-9200-9ED172FF348A}.Debug|Any CPU.Build.0 = Debug|Any CPU
		{3687F580-DF40-4E50-9200-9ED172FF348A}.Release|Any CPU.ActiveCfg = Release|Any CPU
		{3687F580-DF40-4E50-9200-9ED172FF348A}.Release|Any CPU.Build.0 = Release|Any CPU
		{546769B7-E295-4B65-966A-F8CCD9C5E6F1}.Debug|Any CPU.ActiveCfg = Debug|Any CPU
		{546769B7-E295-4B65-966A-F8CCD9C5E6F1}.Debug|Any CPU.Build.0 = Debug|Any CPU
		{546769B7-E295-4B65-966A-F8CCD9C5E6F1}.Release|Any CPU.ActiveCfg = Release|Any CPU
		{546769B7-E295-4B65-966A-F8CCD9C5E6F1}.Release|Any CPU.Build.0 = Release|Any CPU
	EndGlobalSection
	GlobalSection(SolutionProperties) = preSolution
		HideSolutionNode = FALSE
	EndGlobalSection
	GlobalSection(ExtensibilityGlobals) = postSolution
		SolutionGuid = {2255F6B6-BB63-48E9-9C1C-D7C0B43AB4C0}
	EndGlobalSection
EndGlobal
