
Microsoft Visual Studio Solution File, Format Version 12.00
# Visual Studio Version 16
VisualStudioVersion = 16.0.30709.132
MinimumVisualStudioVersion = 10.0.40219.1
Project("{FAE04EC0-301F-11D3-BF4B-00C04F79EFBC}") = "01-1-计算器1", "01-简单工厂模式1\01-1-计算器1.csproj", "{612FE5C9-E2A0-4810-9A62-6F0869D33AD0}"
EndProject
Project("{FAE04EC0-301F-11D3-BF4B-00C04F79EFBC}") = "01-2-计算器2", "01-2-计算器2\01-2-计算器2.csproj", "{72DA34F2-36E5-4C6E-BEC9-30216C431809}"
EndProject
Project("{FAE04EC0-301F-11D3-BF4B-00C04F79EFBC}") = "01-3-计算器3-简单工厂", "01-3-计算器3\01-3-计算器3-简单工厂.csproj", "{2531F891-2109-4BD2-AAE2-66C382A68A54}"
EndProject
Project("{FAE04EC0-301F-11D3-BF4B-00C04F79EFBC}") = "02-1-商场收银软件", "02-1-商场收银软件\02-1-商场收银软件.csproj", "{FC1EECDA-65FB-45CB-924D-63385B2BB202}"
EndProject
Project("{FAE04EC0-301F-11D3-BF4B-00C04F79EFBC}") = "02-2-商场收银软件2", "02-2-商场收银软件2\02-2-商场收银软件2.csproj", "{F97935BD-B097-4993-AB11-C5277AD99669}"
EndProject
Project("{FAE04EC0-301F-11D3-BF4B-00C04F79EFBC}") = "02-3-商场收银（简单工厂）", "02-3-商场收银（简单工厂）\02-3-商场收银（简单工厂）.csproj", "{6FC096AE-08BA-408A-B5AC-6730E18D4D0F}"
EndProject
Project("{FAE04EC0-301F-11D3-BF4B-00C04F79EFBC}") = "02-4-商场收银（策略模式）", "02-4-商场收银（策略模式）\02-4-商场收银（策略模式）.csproj", "{78468754-70B6-4286-9201-72F1BF1A26E4}"
EndProject
Project("{FAE04EC0-301F-11D3-BF4B-00C04F79EFBC}") = "02-5-商场收银（策略+工厂）", "02-5-商场收银（策略+工厂）\02-5-商场收银（策略+工厂）.csproj", "{079FA127-87EA-4EEC-81CD-73A9C8B111C2}"
EndProject
Project("{FAE04EC0-301F-11D3-BF4B-00C04F79EFBC}") = "03-1-小菜扮靓1", "03-1-小菜扮靓1\03-1-小菜扮靓1.csproj", "{0D15B129-76FA-4F9A-9C26-321257097B84}"
EndProject
Project("{FAE04EC0-301F-11D3-BF4B-00C04F79EFBC}") = "03-2-小菜扮靓2", "03-2-小菜扮靓2\03-2-小菜扮靓2.csproj", "{F361DFD2-4316-40AF-B85A-C5641D8753E3}"
EndProject
Project("{FAE04EC0-301F-11D3-BF4B-00C04F79EFBC}") = "03-3-装饰模式", "03-3-装饰模式\03-3-装饰模式.csproj", "{3687F580-DF40-4E50-9200-9ED172FF348A}"
EndProject
Project("{FAE04EC0-301F-11D3-BF4B-00C04F79EFBC}") = "03-4-小菜扮靓（装饰模式）", "03-4-小菜扮靓（装饰模式）\03-4-小菜扮靓（装饰模式）.csproj", "{546769B7-E295-4B65-966A-F8CCD9C5E6F1}"
EndProject
Project("{FAE04EC0-301F-11D3-BF4B-00C04F79EFBC}") = "04-1-为别人做嫁衣1", "04-1-为别人做嫁衣1\04-1-为别人做嫁衣1.csproj", "{95302EE4-7C01-406C-8493-F611CFE67914}"
EndProject
Project("{FAE04EC0-301F-11D3-BF4B-00C04F79EFBC}") = "04-2-为别人做嫁衣2", "04-2-为别人做嫁衣2\04-2-为别人做嫁衣2.csproj", "{5E26AB4C-726C-4645-A2BC-B053CDD1D6CD}"
EndProject
Project("{FAE04EC0-301F-11D3-BF4B-00C04F79EFBC}") = "04-3-为别人做嫁衣3（代理模式）", "04-3-为别人做嫁衣3（代理模式）\04-3-为别人做嫁衣3（代理模式）.csproj", "{DAA6D0B0-527A-458E-BD6D-02640450FD12}"
EndProject
Project("{FAE04EC0-301F-11D3-BF4B-00C04F79EFBC}") = "04-4-代理模式", "04-4-代理模式\04-4-代理模式.csproj", "{F301A385-700E-4C83-8D6B-6EAE14797D06}"
EndProject
Project("{FAE04EC0-301F-11D3-BF4B-00C04F79EFBC}") = "05-1-雷锋在人间1(简单工厂)", "05-1-雷锋在人间1\05-1-雷锋在人间1(简单工厂).csproj", "{8967567B-2E9E-4DEA-B299-D98C843BF7E8}"
EndProject
Project("{FAE04EC0-301F-11D3-BF4B-00C04F79EFBC}") = "05-2-雷锋在人间2（工厂模式）", "05-2-雷锋在人间2（工厂模式）\05-2-雷锋在人间2（工厂模式）.csproj", "{0279540D-8C95-4A28-99F7-76FDBB370799}"
EndProject
Project("{FAE04EC0-301F-11D3-BF4B-00C04F79EFBC}") = "05-3-雷锋", "05-3-雷锋\05-3-雷锋.csproj", "{CE6E3F03-15CF-4249-B9DB-E5C2834B87E7}"
EndProject
Project("{FAE04EC0-301F-11D3-BF4B-00C04F79EFBC}") = "05-4-雷锋（简单工厂）", "05-4-雷锋（简单工厂）\05-4-雷锋（简单工厂）.csproj", "{B0D1ECB5-9173-4FAB-B024-0568029A442F}"
EndProject
Project("{FAE04EC0-301F-11D3-BF4B-00C04F79EFBC}") = "05-5-雷锋（工厂模板）", "05-5-雷锋（工厂模板）\05-5-雷锋（工厂模板）.csproj", "{058134BB-2215-4761-B22C-F8DF109D54D9}"
EndProject
Project("{FAE04EC0-301F-11D3-BF4B-00C04F79EFBC}") = "06-1-简历复印1", "06-1-简历复印1\06-1-简历复印1.csproj", "{D7F6A354-C97E-451B-AE5C-F543229754E6}"
EndProject
Project("{FAE04EC0-301F-11D3-BF4B-00C04F79EFBC}") = "06-2-原型模式", "06-2-原型模式\06-2-原型模式.csproj", "{AE7CB6A5-61E9-497F-8440-EE4FE9F7B887}"
EndProject
Project("{FAE04EC0-301F-11D3-BF4B-00C04F79EFBC}") = "06-3-简历复印（原型模式）", "06-3-简历复印（原型模式）\06-3-简历复印（原型模式）.csproj", "{BCCF0494-4608-4F48-B602-9FAAA3AAC6F0}"
EndProject
Project("{FAE04EC0-301F-11D3-BF4B-00C04F79EFBC}") = "06-4-简历复印（浅复制）", "06-4-简历复印（浅复制）\06-4-简历复印（浅复制）.csproj", "{27C72E13-4E71-4B48-B455-0CA14AC82236}"
EndProject
Project("{FAE04EC0-301F-11D3-BF4B-00C04F79EFBC}") = "06-5-简历复印（深复制）", "06-5-简历复印（深复制）\06-5-简历复印（深复制）.csproj", "{2C08AEEF-619F-4BB4-8777-661657F67BBF}"
EndProject
Project("{FAE04EC0-301F-11D3-BF4B-00C04F79EFBC}") = "07-1-抄试卷1", "07-1-抄试卷1\07-1-抄试卷1.csproj", "{F36AB94F-4AA3-4C7A-983C-1C5EC2F22FA6}"
EndProject
Project("{FAE04EC0-301F-11D3-BF4B-00C04F79EFBC}") = "07-2-抄试卷2", "07-2-抄试卷2\07-2-抄试卷2.csproj", "{1E85C9BB-DA3B-4D83-B699-B8758A9B8A39}"
EndProject
Project("{FAE04EC0-301F-11D3-BF4B-00C04F79EFBC}") = "07-3-模板方法", "07-3-模板方法\07-3-模板方法.csproj", "{E9F28A4A-8374-4E9C-85E4-1E457FB723E7}"
EndProject
Global
	GlobalSection(SolutionConfigurationPlatforms) = preSolution
		Debug|Any CPU = Debug|Any CPU
		Release|Any CPU = Release|Any CPU
	EndGlobalSection
	GlobalSection(ProjectConfigurationPlatforms) = postSolution
		{612FE5C9-E2A0-4810-9A62-6F0869D33AD0}.Debug|Any CPU.ActiveCfg = Debug|Any CPU
		{612FE5C9-E2A0-4810-9A62-6F0869D33AD0}.Debug|Any CPU.Build.0 = Debug|Any CPU
		{612FE5C9-E2A0-4810-9A62-6F0869D33AD0}.Release|Any CPU.ActiveCfg = Release|Any CPU
		{612FE5C9-E2A0-4810-9A62-6F0869D33AD0}.Release|Any CPU.Build.0 = Release|Any CPU
		{72DA34F2-36E5-4C6E-BEC9-30216C431809}.Debug|Any CPU.ActiveCfg = Debug|Any CPU
		{72DA34F2-36E5-4C6E-BEC9-30216C431809}.Debug|Any CPU.Build.0 = Debug|Any CPU
		{72DA34F2-36E5-4C6E-BEC9-30216C431809}.Release|Any CPU.ActiveCfg = Release|Any CPU
		{72DA34F2-36E5-4C6E-BEC9-30216C431809}.Release|Any CPU.Build.0 = Release|Any CPU
		{2531F891-2109-4BD2-AAE2-66C382A68A54}.Debug|Any CPU.ActiveCfg = Debug|Any CPU
		{2531F891-2109-4BD2-AAE2-66C382A68A54}.Debug|Any CPU.Build.0 = Debug|Any CPU
		{2531F891-2109-4BD2-AAE2-66C382A68A54}.Release|Any CPU.ActiveCfg = Release|Any CPU
		{2531F891-2109-4BD2-AAE2-66C382A68A54}.Release|Any CPU.Build.0 = Release|Any CPU
		{FC1EECDA-65FB-45CB-924D-63385B2BB202}.Debug|Any CPU.ActiveCfg = Debug|Any CPU
		{FC1EECDA-65FB-45CB-924D-63385B2BB202}.Debug|Any CPU.Build.0 = Debug|Any CPU
		{FC1EECDA-65FB-45CB-924D-63385B2BB202}.Release|Any CPU.ActiveCfg = Release|Any CPU
		{FC1EECDA-65FB-45CB-924D-63385B2BB202}.Release|Any CPU.Build.0 = Release|Any CPU
		{F97935BD-B097-4993-AB11-C5277AD99669}.Debug|Any CPU.ActiveCfg = Debug|Any CPU
		{F97935BD-B097-4993-AB11-C5277AD99669}.Debug|Any CPU.Build.0 = Debug|Any CPU
		{F97935BD-B097-4993-AB11-C5277AD99669}.Release|Any CPU.ActiveCfg = Release|Any CPU
		{F97935BD-B097-4993-AB11-C5277AD99669}.Release|Any CPU.Build.0 = Release|Any CPU
		{6FC096AE-08BA-408A-B5AC-6730E18D4D0F}.Debug|Any CPU.ActiveCfg = Debug|Any CPU
		{6FC096AE-08BA-408A-B5AC-6730E18D4D0F}.Debug|Any CPU.Build.0 = Debug|Any CPU
		{6FC096AE-08BA-408A-B5AC-6730E18D4D0F}.Release|Any CPU.ActiveCfg = Release|Any CPU
		{6FC096AE-08BA-408A-B5AC-6730E18D4D0F}.Release|Any CPU.Build.0 = Release|Any CPU
		{78468754-70B6-4286-9201-72F1BF1A26E4}.Debug|Any CPU.ActiveCfg = Debug|Any CPU
		{78468754-70B6-4286-9201-72F1BF1A26E4}.Debug|Any CPU.Build.0 = Debug|Any CPU
		{78468754-70B6-4286-9201-72F1BF1A26E4}.Release|Any CPU.ActiveCfg = Release|Any CPU
		{78468754-70B6-4286-9201-72F1BF1A26E4}.Release|Any CPU.Build.0 = Release|Any CPU
		{079FA127-87EA-4EEC-81CD-73A9C8B111C2}.Debug|Any CPU.ActiveCfg = Debug|Any CPU
		{079FA127-87EA-4EEC-81CD-73A9C8B111C2}.Debug|Any CPU.Build.0 = Debug|Any CPU
		{079FA127-87EA-4EEC-81CD-73A9C8B111C2}.Release|Any CPU.ActiveCfg = Release|Any CPU
		{079FA127-87EA-4EEC-81CD-73A9C8B111C2}.Release|Any CPU.Build.0 = Release|Any CPU
		{0D15B129-76FA-4F9A-9C26-321257097B84}.Debug|Any CPU.ActiveCfg = Debug|Any CPU
		{0D15B129-76FA-4F9A-9C26-321257097B84}.Debug|Any CPU.Build.0 = Debug|Any CPU
		{0D15B129-76FA-4F9A-9C26-321257097B84}.Release|Any CPU.ActiveCfg = Release|Any CPU
		{0D15B129-76FA-4F9A-9C26-321257097B84}.Release|Any CPU.Build.0 = Release|Any CPU
		{F361DFD2-4316-40AF-B85A-C5641D8753E3}.Debug|Any CPU.ActiveCfg = Debug|Any CPU
		{F361DFD2-4316-40AF-B85A-C5641D8753E3}.Debug|Any CPU.Build.0 = Debug|Any CPU
		{F361DFD2-4316-40AF-B85A-C5641D8753E3}.Release|Any CPU.ActiveCfg = Release|Any CPU
		{F361DFD2-4316-40AF-B85A-C5641D8753E3}.Release|Any CPU.Build.0 = Release|Any CPU
		{3687F580-DF40-4E50-9200-9ED172FF348A}.Debug|Any CPU.ActiveCfg = Debug|Any CPU
		{3687F580-DF40-4E50-9200-9ED172FF348A}.Debug|Any CPU.Build.0 = Debug|Any CPU
		{3687F580-DF40-4E50-9200-9ED172FF348A}.Release|Any CPU.ActiveCfg = Release|Any CPU
		{3687F580-DF40-4E50-9200-9ED172FF348A}.Release|Any CPU.Build.0 = Release|Any CPU
		{546769B7-E295-4B65-966A-F8CCD9C5E6F1}.Debug|Any CPU.ActiveCfg = Debug|Any CPU
		{546769B7-E295-4B65-966A-F8CCD9C5E6F1}.Debug|Any CPU.Build.0 = Debug|Any CPU
		{546769B7-E295-4B65-966A-F8CCD9C5E6F1}.Release|Any CPU.ActiveCfg = Release|Any CPU
		{546769B7-E295-4B65-966A-F8CCD9C5E6F1}.Release|Any CPU.Build.0 = Release|Any CPU
		{95302EE4-7C01-406C-8493-F611CFE67914}.Debug|Any CPU.ActiveCfg = Debug|Any CPU
		{95302EE4-7C01-406C-8493-F611CFE67914}.Debug|Any CPU.Build.0 = Debug|Any CPU
		{95302EE4-7C01-406C-8493-F611CFE67914}.Release|Any CPU.ActiveCfg = Release|Any CPU
		{95302EE4-7C01-406C-8493-F611CFE67914}.Release|Any CPU.Build.0 = Release|Any CPU
		{5E26AB4C-726C-4645-A2BC-B053CDD1D6CD}.Debug|Any CPU.ActiveCfg = Debug|Any CPU
		{5E26AB4C-726C-4645-A2BC-B053CDD1D6CD}.Debug|Any CPU.Build.0 = Debug|Any CPU
		{5E26AB4C-726C-4645-A2BC-B053CDD1D6CD}.Release|Any CPU.ActiveCfg = Release|Any CPU
		{5E26AB4C-726C-4645-A2BC-B053CDD1D6CD}.Release|Any CPU.Build.0 = Release|Any CPU
		{DAA6D0B0-527A-458E-BD6D-02640450FD12}.Debug|Any CPU.ActiveCfg = Debug|Any CPU
		{DAA6D0B0-527A-458E-BD6D-02640450FD12}.Debug|Any CPU.Build.0 = Debug|Any CPU
		{DAA6D0B0-527A-458E-BD6D-02640450FD12}.Release|Any CPU.ActiveCfg = Release|Any CPU
		{DAA6D0B0-527A-458E-BD6D-02640450FD12}.Release|Any CPU.Build.0 = Release|Any CPU
		{F301A385-700E-4C83-8D6B-6EAE14797D06}.Debug|Any CPU.ActiveCfg = Debug|Any CPU
		{F301A385-700E-4C83-8D6B-6EAE14797D06}.Debug|Any CPU.Build.0 = Debug|Any CPU
		{F301A385-700E-4C83-8D6B-6EAE14797D06}.Release|Any CPU.ActiveCfg = Release|Any CPU
		{F301A385-700E-4C83-8D6B-6EAE14797D06}.Release|Any CPU.Build.0 = Release|Any CPU
		{8967567B-2E9E-4DEA-B299-D98C843BF7E8}.Debug|Any CPU.ActiveCfg = Debug|Any CPU
		{8967567B-2E9E-4DEA-B299-D98C843BF7E8}.Debug|Any CPU.Build.0 = Debug|Any CPU
		{8967567B-2E9E-4DEA-B299-D98C843BF7E8}.Release|Any CPU.ActiveCfg = Release|Any CPU
		{8967567B-2E9E-4DEA-B299-D98C843BF7E8}.Release|Any CPU.Build.0 = Release|Any CPU
		{0279540D-8C95-4A28-99F7-76FDBB370799}.Debug|Any CPU.ActiveCfg = Debug|Any CPU
		{0279540D-8C95-4A28-99F7-76FDBB370799}.Debug|Any CPU.Build.0 = Debug|Any CPU
		{0279540D-8C95-4A28-99F7-76FDBB370799}.Release|Any CPU.ActiveCfg = Release|Any CPU
		{0279540D-8C95-4A28-99F7-76FDBB370799}.Release|Any CPU.Build.0 = Release|Any CPU
		{CE6E3F03-15CF-4249-B9DB-E5C2834B87E7}.Debug|Any CPU.ActiveCfg = Debug|Any CPU
		{CE6E3F03-15CF-4249-B9DB-E5C2834B87E7}.Debug|Any CPU.Build.0 = Debug|Any CPU
		{CE6E3F03-15CF-4249-B9DB-E5C2834B87E7}.Release|Any CPU.ActiveCfg = Release|Any CPU
		{CE6E3F03-15CF-4249-B9DB-E5C2834B87E7}.Release|Any CPU.Build.0 = Release|Any CPU
		{B0D1ECB5-9173-4FAB-B024-0568029A442F}.Debug|Any CPU.ActiveCfg = Debug|Any CPU
		{B0D1ECB5-9173-4FAB-B024-0568029A442F}.Debug|Any CPU.Build.0 = Debug|Any CPU
		{B0D1ECB5-9173-4FAB-B024-0568029A442F}.Release|Any CPU.ActiveCfg = Release|Any CPU
		{B0D1ECB5-9173-4FAB-B024-0568029A442F}.Release|Any CPU.Build.0 = Release|Any CPU
		{058134BB-2215-4761-B22C-F8DF109D54D9}.Debug|Any CPU.ActiveCfg = Debug|Any CPU
		{058134BB-2215-4761-B22C-F8DF109D54D9}.Debug|Any CPU.Build.0 = Debug|Any CPU
		{058134BB-2215-4761-B22C-F8DF109D54D9}.Release|Any CPU.ActiveCfg = Release|Any CPU
		{058134BB-2215-4761-B22C-F8DF109D54D9}.Release|Any CPU.Build.0 = Release|Any CPU
		{D7F6A354-C97E-451B-AE5C-F543229754E6}.Debug|Any CPU.ActiveCfg = Debug|Any CPU
		{D7F6A354-C97E-451B-AE5C-F543229754E6}.Debug|Any CPU.Build.0 = Debug|Any CPU
		{D7F6A354-C97E-451B-AE5C-F543229754E6}.Release|Any CPU.ActiveCfg = Release|Any CPU
		{D7F6A354-C97E-451B-AE5C-F543229754E6}.Release|Any CPU.Build.0 = Release|Any CPU
		{AE7CB6A5-61E9-497F-8440-EE4FE9F7B887}.Debug|Any CPU.ActiveCfg = Debug|Any CPU
		{AE7CB6A5-61E9-497F-8440-EE4FE9F7B887}.Debug|Any CPU.Build.0 = Debug|Any CPU
		{AE7CB6A5-61E9-497F-8440-EE4FE9F7B887}.Release|Any CPU.ActiveCfg = Release|Any CPU
		{AE7CB6A5-61E9-497F-8440-EE4FE9F7B887}.Release|Any CPU.Build.0 = Release|Any CPU
		{BCCF0494-4608-4F48-B602-9FAAA3AAC6F0}.Debug|Any CPU.ActiveCfg = Debug|Any CPU
		{BCCF0494-4608-4F48-B602-9FAAA3AAC6F0}.Debug|Any CPU.Build.0 = Debug|Any CPU
		{BCCF0494-4608-4F48-B602-9FAAA3AAC6F0}.Release|Any CPU.ActiveCfg = Release|Any CPU
		{BCCF0494-4608-4F48-B602-9FAAA3AAC6F0}.Release|Any CPU.Build.0 = Release|Any CPU
		{27C72E13-4E71-4B48-B455-0CA14AC82236}.Debug|Any CPU.ActiveCfg = Debug|Any CPU
		{27C72E13-4E71-4B48-B455-0CA14AC82236}.Debug|Any CPU.Build.0 = Debug|Any CPU
		{27C72E13-4E71-4B48-B455-0CA14AC82236}.Release|Any CPU.ActiveCfg = Release|Any CPU
		{27C72E13-4E71-4B48-B455-0CA14AC82236}.Release|Any CPU.Build.0 = Release|Any CPU
		{2C08AEEF-619F-4BB4-8777-661657F67BBF}.Debug|Any CPU.ActiveCfg = Debug|Any CPU
		{2C08AEEF-619F-4BB4-8777-661657F67BBF}.Debug|Any CPU.Build.0 = Debug|Any CPU
		{2C08AEEF-619F-4BB4-8777-661657F67BBF}.Release|Any CPU.ActiveCfg = Release|Any CPU
		{2C08AEEF-619F-4BB4-8777-661657F67BBF}.Release|Any CPU.Build.0 = Release|Any CPU
		{F36AB94F-4AA3-4C7A-983C-1C5EC2F22FA6}.Debug|Any CPU.ActiveCfg = Debug|Any CPU
		{F36AB94F-4AA3-4C7A-983C-1C5EC2F22FA6}.Debug|Any CPU.Build.0 = Debug|Any CPU
		{F36AB94F-4AA3-4C7A-983C-1C5EC2F22FA6}.Release|Any CPU.ActiveCfg = Release|Any CPU
		{F36AB94F-4AA3-4C7A-983C-1C5EC2F22FA6}.Release|Any CPU.Build.0 = Release|Any CPU
		{1E85C9BB-DA3B-4D83-B699-B8758A9B8A39}.Debug|Any CPU.ActiveCfg = Debug|Any CPU
		{1E85C9BB-DA3B-4D83-B699-B8758A9B8A39}.Debug|Any CPU.Build.0 = Debug|Any CPU
		{1E85C9BB-DA3B-4D83-B699-B8758A9B8A39}.Release|Any CPU.ActiveCfg = Release|Any CPU
		{1E85C9BB-DA3B-4D83-B699-B8758A9B8A39}.Release|Any CPU.Build.0 = Release|Any CPU
		{E9F28A4A-8374-4E9C-85E4-1E457FB723E7}.Debug|Any CPU.ActiveCfg = Debug|Any CPU
		{E9F28A4A-8374-4E9C-85E4-1E457FB723E7}.Debug|Any CPU.Build.0 = Debug|Any CPU
		{E9F28A4A-8374-4E9C-85E4-1E457FB723E7}.Release|Any CPU.ActiveCfg = Release|Any CPU
		{E9F28A4A-8374-4E9C-85E4-1E457FB723E7}.Release|Any CPU.Build.0 = Release|Any CPU
	EndGlobalSection
	GlobalSection(SolutionProperties) = preSolution
		HideSolutionNode = FALSE
	EndGlobalSection
	GlobalSection(ExtensibilityGlobals) = postSolution
		SolutionGuid = {2255F6B6-BB63-48E9-9C1C-D7C0B43AB4C0}
	EndGlobalSection
EndGlobal
